
Microsoft Visual Studio Solution File, Format Version 12.00
# Visual Studio Version 16
VisualStudioVersion = 16.0.30104.148
MinimumVisualStudioVersion = 10.0.40219.1
Project("{9A19103F-16F7-4668-BE54-9A1E7A4F7556}") = "BookMarket.Core", "BookMarket.Core\BookMarket.Core.csproj", "{554C08A6-F10B-4E4B-8A89-2FBDEC9B114A}"
EndProject
Project("{9A19103F-16F7-4668-BE54-9A1E7A4F7556}") = "BookMarket.Core.Tests", "BookMarket.Core.Tests\BookMarket.Core.Tests.csproj", "{6998A41C-2FA3-4C16-BA1F-51597C2AB577}"
EndProject
Project("{9A19103F-16F7-4668-BE54-9A1E7A4F7556}") = "BookMarket.Data", "BookMarket.Data\BookMarket.Data.csproj", "{092114CE-8E0B-4161-8223-20AFA297619E}"
EndProject
Project("{9A19103F-16F7-4668-BE54-9A1E7A4F7556}") = "BookMarket.Api", "BookMarket.Api\BookMarket.Api.csproj", "{0EBBDDA8-A215-4E4A-B9BA-6372B064F195}"
EndProject
Global
	GlobalSection(SolutionConfigurationPlatforms) = preSolution
		Debug|Any CPU = Debug|Any CPU
		Release|Any CPU = Release|Any CPU
	EndGlobalSection
	GlobalSection(ProjectConfigurationPlatforms) = postSolution
		{554C08A6-F10B-4E4B-8A89-2FBDEC9B114A}.Debug|Any CPU.ActiveCfg = Debug|Any CPU
		{554C08A6-F10B-4E4B-8A89-2FBDEC9B114A}.Debug|Any CPU.Build.0 = Debug|Any CPU
		{554C08A6-F10B-4E4B-8A89-2FBDEC9B114A}.Release|Any CPU.ActiveCfg = Release|Any CPU
		{554C08A6-F10B-4E4B-8A89-2FBDEC9B114A}.Release|Any CPU.Build.0 = Release|Any CPU
		{6998A41C-2FA3-4C16-BA1F-51597C2AB577}.Debug|Any CPU.ActiveCfg = Debug|Any CPU
		{6998A41C-2FA3-4C16-BA1F-51597C2AB577}.Debug|Any CPU.Build.0 = Debug|Any CPU
		{6998A41C-2FA3-4C16-BA1F-51597C2AB577}.Release|Any CPU.ActiveCfg = Release|Any CPU
		{6998A41C-2FA3-4C16-BA1F-51597C2AB577}.Release|Any CPU.Build.0 = Release|Any CPU
		{092114CE-8E0B-4161-8223-20AFA297619E}.Debug|Any CPU.ActiveCfg = Debug|Any CPU
		{092114CE-8E0B-4161-8223-20AFA297619E}.Debug|Any CPU.Build.0 = Debug|Any CPU
		{092114CE-8E0B-4161-8223-20AFA297619E}.Release|Any CPU.ActiveCfg = Release|Any CPU
		{092114CE-8E0B-4161-8223-20AFA297619E}.Release|Any CPU.Build.0 = Release|Any CPU
		{0EBBDDA8-A215-4E4A-B9BA-6372B064F195}.Debug|Any CPU.ActiveCfg = Debug|Any CPU
		{0EBBDDA8-A215-4E4A-B9BA-6372B064F195}.Debug|Any CPU.Build.0 = Debug|Any CPU
		{0EBBDDA8-A215-4E4A-B9BA-6372B064F195}.Release|Any CPU.ActiveCfg = Release|Any CPU
		{0EBBDDA8-A215-4E4A-B9BA-6372B064F195}.Release|Any CPU.Build.0 = Release|Any CPU
	EndGlobalSection
	GlobalSection(SolutionProperties) = preSolution
		HideSolutionNode = FALSE
	EndGlobalSection
	GlobalSection(ExtensibilityGlobals) = postSolution
		SolutionGuid = {38B7E2E5-64D6-4400-8E66-5AFE7A4FEF0F}
	EndGlobalSection
EndGlobal
